
Microsoft Visual Studio Solution File, Format Version 12.00
Project("{FAE04EC0-301F-11D3-BF4B-00C04F79EFBC}") = "Amiibo.Models", "Amiibo.Models\Amiibo.Models.csproj", "{FC65E52D-AE52-457E-AE3B-F3F8991C31D0}"
EndProject
Project("{FAE04EC0-301F-11D3-BF4B-00C04F79EFBC}") = "Amiibo.Web", "Amiibo.Web\Amiibo.Web.csproj", "{B9D841C6-1293-4AEE-A282-45D637E3DEEA}"
EndProject
Global
	GlobalSection(SolutionConfigurationPlatforms) = preSolution
		Debug|Any CPU = Debug|Any CPU
		Release|Any CPU = Release|Any CPU
	EndGlobalSection
	GlobalSection(ProjectConfigurationPlatforms) = postSolution
		{FC65E52D-AE52-457E-AE3B-F3F8991C31D0}.Debug|Any CPU.ActiveCfg = Debug|Any CPU
		{FC65E52D-AE52-457E-AE3B-F3F8991C31D0}.Debug|Any CPU.Build.0 = Debug|Any CPU
		{FC65E52D-AE52-457E-AE3B-F3F8991C31D0}.Release|Any CPU.ActiveCfg = Release|Any CPU
		{FC65E52D-AE52-457E-AE3B-F3F8991C31D0}.Release|Any CPU.Build.0 = Release|Any CPU
		{B9D841C6-1293-4AEE-A282-45D637E3DEEA}.Debug|Any CPU.ActiveCfg = Debug|Any CPU
		{B9D841C6-1293-4AEE-A282-45D637E3DEEA}.Debug|Any CPU.Build.0 = Debug|Any CPU
		{B9D841C6-1293-4AEE-A282-45D637E3DEEA}.Release|Any CPU.ActiveCfg = Release|Any CPU
		{B9D841C6-1293-4AEE-A282-45D637E3DEEA}.Release|Any CPU.Build.0 = Release|Any CPU
	EndGlobalSection
EndGlobal
